// !$*UTF8*$!
{
	archiveVersion = 1;
	classes = {
	};
	objectVersion = 46;
	objects = {

/* Begin PBXBuildFile section */
		28E5BBEB16E653450004A794 /* Foundation.framework in Frameworks */ = {isa = PBXBuildFile; fileRef = 28E5BBEA16E653450004A794 /* Foundation.framework */; };
		28E5BBEE16E653450004A794 /* main.m in Sources */ = {isa = PBXBuildFile; fileRef = 28E5BBED16E653450004A794 /* main.m */; };
		28E5BBF216E653450004A794 /* Exercise16All.1 in CopyFiles */ = {isa = PBXBuildFile; fileRef = 28E5BBF116E653450004A794 /* Exercise16All.1 */; };
		28E5BC6816E8880A0004A794 /* NSString+TempFiles.m in Sources */ = {isa = PBXBuildFile; fileRef = 28E5BC6716E8880A0004A794 /* NSString+TempFiles.m */; };
/* End PBXBuildFile section */

/* Begin PBXCopyFilesBuildPhase section */
		28E5BBE516E653450004A794 /* CopyFiles */ = {
			isa = PBXCopyFilesBuildPhase;
			buildActionMask = 2147483647;
			dstPath = /usr/share/man/man1/;
			dstSubfolderSpec = 0;
			files = (
				28E5BBF216E653450004A794 /* Exercise16All.1 in CopyFiles */,
			);
			runOnlyForDeploymentPostprocessing = 1;
		};
/* End PBXCopyFilesBuildPhase section */

/* Begin PBXFileReference section */
		28E5BBE716E653450004A794 /* Exercise16All */ = {isa = PBXFileReference; explicitFileType = "compiled.mach-o.executable"; includeInIndex = 0; path = Exercise16All; sourceTree = BUILT_PRODUCTS_DIR; };
		28E5BBEA16E653450004A794 /* Foundation.framework */ = {isa = PBXFileReference; lastKnownFileType = wrapper.framework; name = Foundation.framework; path = System/Library/Frameworks/Foundation.framework; sourceTree = SDKROOT; };
		28E5BBED16E653450004A794 /* main.m */ = {isa = PBXFileReference; lastKnownFileType = sourcecode.c.objc; path = main.m; sourceTree = "<group>"; };
		28E5BBF016E653450004A794 /* Exercise16All-Prefix.pch */ = {isa = PBXFileReference; lastKnownFileType = sourcecode.c.h; path = "Exercise16All-Prefix.pch"; sourceTree = "<group>"; };
		28E5BBF116E653450004A794 /* Exercise16All.1 */ = {isa = PBXFileReference; lastKnownFileType = text.man; path = Exercise16All.1; sourceTree = "<group>"; };
		28E5BC6616E8880A0004A794 /* NSString+TempFiles.h */ = {isa = PBXFileReference; fileEncoding = 4; lastKnownFileType = sourcecode.c.h; path = "NSString+TempFiles.h"; sourceTree = "<group>"; };
		28E5BC6716E8880A0004A794 /* NSString+TempFiles.m */ = {isa = PBXFileReference; fileEncoding = 4; lastKnownFileType = sourcecode.c.objc; path = "NSString+TempFiles.m"; sourceTree = "<group>"; };
/* End PBXFileReference section */

/* Begin PBXFrameworksBuildPhase section */
		28E5BBE416E653450004A794 /* Frameworks */ = {
			isa = PBXFrameworksBuildPhase;
			buildActionMask = 2147483647;
			files = (
				28E5BBEB16E653450004A794 /* Foundation.framework in Frameworks */,
			);
			runOnlyForDeploymentPostprocessing = 0;
		};
/* End PBXFrameworksBuildPhase section */

/* Begin PBXGroup section */
		28E5BBDE16E653450004A794 = {
			isa = PBXGroup;
			children = (
				28E5BBEC16E653450004A794 /* Exercise16All */,
				28E5BBE916E653450004A794 /* Frameworks */,
				28E5BBE816E653450004A794 /* Products */,
			);
			sourceTree = "<group>";
		};
		28E5BBE816E653450004A794 /* Products */ = {
			isa = PBXGroup;
			children = (
				28E5BBE716E653450004A794 /* Exercise16All */,
			);
			name = Products;
			sourceTree = "<group>";
		};
		28E5BBE916E653450004A794 /* Frameworks */ = {
			isa = PBXGroup;
			children = (
				28E5BBEA16E653450004A794 /* Foundation.framework */,
			);
			name = Frameworks;
			sourceTree = "<group>";
		};
		28E5BBEC16E653450004A794 /* Exercise16All */ = {
			isa = PBXGroup;
			children = (
				28E5BBED16E653450004A794 /* main.m */,
				28E5BBF116E653450004A794 /* Exercise16All.1 */,
				28E5BBEF16E653450004A794 /* Supporting Files */,
				28E5BC6616E8880A0004A794 /* NSString+TempFiles.h */,
				28E5BC6716E8880A0004A794 /* NSString+TempFiles.m */,
			);
			path = Exercise16All;
			sourceTree = "<group>";
		};
		28E5BBEF16E653450004A794 /* Supporting Files */ = {
			isa = PBXGroup;
			children = (
				28E5BBF016E653450004A794 /* Exercise16All-Prefix.pch */,
			);
			name = "Supporting Files";
			sourceTree = "<group>";
		};
/* End PBXGroup section */

/* Begin PBXNativeTarget section */
		28E5BBE616E653450004A794 /* Exercise16All */ = {
			isa = PBXNativeTarget;
			buildConfigurationList = 28E5BBF516E653450004A794 /* Build configuration list for PBXNativeTarget "Exercise16All" */;
			buildPhases = (
				28E5BBE316E653450004A794 /* Sources */,
				28E5BBE416E653450004A794 /* Frameworks */,
				28E5BBE516E653450004A794 /* CopyFiles */,
			);
			buildRules = (
			);
			dependencies = (
			);
			name = Exercise16All;
			productName = Exercise16All;
			productReference = 28E5BBE716E653450004A794 /* Exercise16All */;
			productType = "com.apple.product-type.tool";
		};
/* End PBXNativeTarget section */

/* Begin PBXProject section */
		28E5BBDF16E653450004A794 /* Project object */ = {
			isa = PBXProject;
			attributes = {
				LastUpgradeCheck = 0460;
				ORGANIZATIONNAME = "peixin liu";
			};
			buildConfigurationList = 28E5BBE216E653450004A794 /* Build configuration list for PBXProject "Exercise16All" */;
			compatibilityVersion = "Xcode 3.2";
			developmentRegion = English;
			hasScannedForEncodings = 0;
			knownRegions = (
				en,
			);
			mainGroup = 28E5BBDE16E653450004A794;
			productRefGroup = 28E5BBE816E653450004A794 /* Products */;
			projectDirPath = "";
			projectRoot = "";
			targets = (
				28E5BBE616E653450004A794 /* Exercise16All */,
			);
		};
/* End PBXProject section */

/* Begin PBXSourcesBuildPhase section */
		28E5BBE316E653450004A794 /* Sources */ = {
			isa = PBXSourcesBuildPhase;
			buildActionMask = 2147483647;
			files = (
				28E5BBEE16E653450004A794 /* main.m in Sources */,
				28E5BC6816E8880A0004A794 /* NSString+TempFiles.m in Sources */,
			);
			runOnlyForDeploymentPostprocessing = 0;
		};
/* End PBXSourcesBuildPhase section */

/* Begin XCBuildConfiguration section */
		28E5BBF316E653450004A794 /* Debug */ = {
			isa = XCBuildConfiguration;
			buildSettings = {
				ALWAYS_SEARCH_USER_PATHS = NO;
				ARCHS = "$(ARCHS_STANDARD_64_BIT)";
				CLANG_CXX_LANGUAGE_STANDARD = "gnu++0x";
				CLANG_CXX_LIBRARY = "libc++";
				CLANG_WARN_CONSTANT_CONVERSION = YES;
				CLANG_WARN_EMPTY_BODY = YES;
				CLANG_WARN_ENUM_CONVERSION = YES;
				CLANG_WARN_INT_CONVERSION = YES;
				CLANG_WARN__DUPLICATE_METHOD_MATCH = YES;
				COPY_PHASE_STRIP = NO;
				GCC_C_LANGUAGE_STANDARD = gnu99;
				GCC_DYNAMIC_NO_PIC = NO;
				GCC_ENABLE_OBJC_EXCEPTIONS = YES;
				GCC_OPTIMIZATION_LEVEL = 0;
				GCC_PREPROCESSOR_DEFINITIONS = (
					"DEBUG=1",
					"$(inherited)",
				);
				GCC_SYMBOLS_PRIVATE_EXTERN = NO;
				GCC_WARN_64_TO_32_BIT_CONVERSION = YES;
				GCC_WARN_ABOUT_RETURN_TYPE = YES;
				GCC_WARN_UNINITIALIZED_AUTOS = YES;
				GCC_WARN_UNUSED_VARIABLE = YES;
				MACOSX_DEPLOYMENT_TARGET = 10.8;
				ONLY_ACTIVE_ARCH = YES;
				SDKROOT = macosx;
			};
			name = Debug;
		};
		28E5BBF416E653450004A794 /* Release */ = {
			isa = XCBuildConfiguration;
			buildSettings = {
				ALWAYS_SEARCH_USER_PATHS = NO;
				ARCHS = "$(ARCHS_STANDARD_64_BIT)";
				CLANG_CXX_LANGUAGE_STANDARD = "gnu++0x";
				CLANG_CXX_LIBRARY = "libc++";
				CLANG_WARN_CONSTANT_CONVERSION = YES;
				CLANG_WARN_EMPTY_BODY = YES;
				CLANG_WARN_ENUM_CONVERSION = YES;
				CLANG_WARN_INT_CONVERSION = YES;
				CLANG_WARN__DUPLICATE_METHOD_MATCH = YES;
				COPY_PHASE_STRIP = YES;
				DEBUG_INFORMATION_FORMAT = "dwarf-with-dsym";
				GCC_C_LANGUAGE_STANDARD = gnu99;
				GCC_ENABLE_OBJC_EXCEPTIONS = YES;
				GCC_WARN_64_TO_32_BIT_CONVERSION = YES;
				GCC_WARN_ABOUT_RETURN_TYPE = YES;
				GCC_WARN_UNINITIALIZED_AUTOS = YES;
				GCC_WARN_UNUSED_VARIABLE = YES;
				MACOSX_DEPLOYMENT_TARGET = 10.8;
				SDKROOT = macosx;
			};
			name = Release;
		};
		28E5BBF616E653450004A794 /* Debug */ = {
			isa = XCBuildConfiguration;
			buildSettings = {
				GCC_PRECOMPILE_PREFIX_HEADER = YES;
				GCC_PREFIX_HEADER = "Exercise16All/Exercise16All-Prefix.pch";
				PRODUCT_NAME = "$(TARGET_NAME)";
			};
			name = Debug;
		};
		28E5BBF716E653450004A794 /* Release */ = {
			isa = XCBuildConfiguration;
			buildSettings = {
				GCC_PRECOMPILE_PREFIX_HEADER = YES;
				GCC_PREFIX_HEADER = "Exercise16All/Exercise16All-Prefix.pch";
				PRODUCT_NAME = "$(TARGET_NAME)";
			};
			name = Release;
		};
/* End XCBuildConfiguration section */

/* Begin XCConfigurationList section */
		28E5BBE216E653450004A794 /* Build configuration list for PBXProject "Exercise16All" */ = {
			isa = XCConfigurationList;
			buildConfigurations = (
				28E5BBF316E653450004A794 /* Debug */,
				28E5BBF416E653450004A794 /* Release */,
			);
			defaultConfigurationIsVisible = 0;
			defaultConfigurationName = Release;
		};
		28E5BBF516E653450004A794 /* Build configuration list for PBXNativeTarget "Exercise16All" */ = {
			isa = XCConfigurationList;
			buildConfigurations = (
				28E5BBF616E653450004A794 /* Debug */,
				28E5BBF716E653450004A794 /* Release */,
			);
			defaultConfigurationIsVisible = 0;
			defaultConfigurationName = Release;
		};
/* End XCConfigurationList section */
	};
	rootObject = 28E5BBDF16E653450004A794 /* Project object */;
}
