// !$*UTF8*$!
{
	archiveVersion = 1;
	classes = {
	};
	objectVersion = 46;
	objects = {

/* Begin PBXBuildFile section */
		2874F0AF15CE7BF80067255C /* Foundation.framework in Frameworks */ = {isa = PBXBuildFile; fileRef = 2874F0AE15CE7BF80067255C /* Foundation.framework */; };
		2874F0B215CE7BF80067255C /* main.m in Sources */ = {isa = PBXBuildFile; fileRef = 2874F0B115CE7BF80067255C /* main.m */; };
		2874F0B615CE7BF80067255C /* Exercise12All.1 in CopyFiles */ = {isa = PBXBuildFile; fileRef = 2874F0B515CE7BF80067255C /* Exercise12All.1 */; };
/* End PBXBuildFile section */

/* Begin PBXCopyFilesBuildPhase section */
		2874F0A815CE7BF80067255C /* CopyFiles */ = {
			isa = PBXCopyFilesBuildPhase;
			buildActionMask = 2147483647;
			dstPath = /usr/share/man/man1/;
			dstSubfolderSpec = 0;
			files = (
				2874F0B615CE7BF80067255C /* Exercise12All.1 in CopyFiles */,
			);
			runOnlyForDeploymentPostprocessing = 1;
		};
/* End PBXCopyFilesBuildPhase section */

/* Begin PBXFileReference section */
		2874F0AA15CE7BF80067255C /* Exercise12All */ = {isa = PBXFileReference; explicitFileType = "compiled.mach-o.executable"; includeInIndex = 0; path = Exercise12All; sourceTree = BUILT_PRODUCTS_DIR; };
		2874F0AE15CE7BF80067255C /* Foundation.framework */ = {isa = PBXFileReference; lastKnownFileType = wrapper.framework; name = Foundation.framework; path = System/Library/Frameworks/Foundation.framework; sourceTree = SDKROOT; };
		2874F0B115CE7BF80067255C /* main.m */ = {isa = PBXFileReference; lastKnownFileType = sourcecode.c.objc; path = main.m; sourceTree = "<group>"; };
		2874F0B415CE7BF80067255C /* Exercise12All-Prefix.pch */ = {isa = PBXFileReference; lastKnownFileType = sourcecode.c.h; path = "Exercise12All-Prefix.pch"; sourceTree = "<group>"; };
		2874F0B515CE7BF80067255C /* Exercise12All.1 */ = {isa = PBXFileReference; lastKnownFileType = text.man; path = Exercise12All.1; sourceTree = "<group>"; };
/* End PBXFileReference section */

/* Begin PBXFrameworksBuildPhase section */
		2874F0A715CE7BF80067255C /* Frameworks */ = {
			isa = PBXFrameworksBuildPhase;
			buildActionMask = 2147483647;
			files = (
				2874F0AF15CE7BF80067255C /* Foundation.framework in Frameworks */,
			);
			runOnlyForDeploymentPostprocessing = 0;
		};
/* End PBXFrameworksBuildPhase section */

/* Begin PBXGroup section */
		2874F09F15CE7BF80067255C = {
			isa = PBXGroup;
			children = (
				2874F0B015CE7BF80067255C /* Exercise12All */,
				2874F0AD15CE7BF80067255C /* Frameworks */,
				2874F0AB15CE7BF80067255C /* Products */,
			);
			sourceTree = "<group>";
		};
		2874F0AB15CE7BF80067255C /* Products */ = {
			isa = PBXGroup;
			children = (
				2874F0AA15CE7BF80067255C /* Exercise12All */,
			);
			name = Products;
			sourceTree = "<group>";
		};
		2874F0AD15CE7BF80067255C /* Frameworks */ = {
			isa = PBXGroup;
			children = (
				2874F0AE15CE7BF80067255C /* Foundation.framework */,
			);
			name = Frameworks;
			sourceTree = "<group>";
		};
		2874F0B015CE7BF80067255C /* Exercise12All */ = {
			isa = PBXGroup;
			children = (
				2874F0B115CE7BF80067255C /* main.m */,
				2874F0B515CE7BF80067255C /* Exercise12All.1 */,
				2874F0B315CE7BF80067255C /* Supporting Files */,
			);
			path = Exercise12All;
			sourceTree = "<group>";
		};
		2874F0B315CE7BF80067255C /* Supporting Files */ = {
			isa = PBXGroup;
			children = (
				2874F0B415CE7BF80067255C /* Exercise12All-Prefix.pch */,
			);
			name = "Supporting Files";
			sourceTree = "<group>";
		};
/* End PBXGroup section */

/* Begin PBXNativeTarget section */
		2874F0A915CE7BF80067255C /* Exercise12All */ = {
			isa = PBXNativeTarget;
			buildConfigurationList = 2874F0B915CE7BF80067255C /* Build configuration list for PBXNativeTarget "Exercise12All" */;
			buildPhases = (
				2874F0A615CE7BF80067255C /* Sources */,
				2874F0A715CE7BF80067255C /* Frameworks */,
				2874F0A815CE7BF80067255C /* CopyFiles */,
			);
			buildRules = (
			);
			dependencies = (
			);
			name = Exercise12All;
			productName = Exercise12All;
			productReference = 2874F0AA15CE7BF80067255C /* Exercise12All */;
			productType = "com.apple.product-type.tool";
		};
/* End PBXNativeTarget section */

/* Begin PBXProject section */
		2874F0A115CE7BF80067255C /* Project object */ = {
			isa = PBXProject;
			attributes = {
				LastUpgradeCheck = 0440;
				ORGANIZATIONNAME = "peixin liu";
			};
			buildConfigurationList = 2874F0A415CE7BF80067255C /* Build configuration list for PBXProject "Exercise12All" */;
			compatibilityVersion = "Xcode 3.2";
			developmentRegion = English;
			hasScannedForEncodings = 0;
			knownRegions = (
				en,
			);
			mainGroup = 2874F09F15CE7BF80067255C;
			productRefGroup = 2874F0AB15CE7BF80067255C /* Products */;
			projectDirPath = "";
			projectRoot = "";
			targets = (
				2874F0A915CE7BF80067255C /* Exercise12All */,
			);
		};
/* End PBXProject section */

/* Begin PBXSourcesBuildPhase section */
		2874F0A615CE7BF80067255C /* Sources */ = {
			isa = PBXSourcesBuildPhase;
			buildActionMask = 2147483647;
			files = (
				2874F0B215CE7BF80067255C /* main.m in Sources */,
			);
			runOnlyForDeploymentPostprocessing = 0;
		};
/* End PBXSourcesBuildPhase section */

/* Begin XCBuildConfiguration section */
		2874F0B715CE7BF80067255C /* Debug */ = {
			isa = XCBuildConfiguration;
			buildSettings = {
				ALWAYS_SEARCH_USER_PATHS = NO;
				ARCHS = "$(ARCHS_STANDARD_64_BIT)";
				CLANG_CXX_LANGUAGE_STANDARD = "gnu++0x";
				CLANG_WARN__DUPLICATE_METHOD_MATCH = YES;
				COPY_PHASE_STRIP = NO;
				GCC_C_LANGUAGE_STANDARD = gnu99;
				GCC_DYNAMIC_NO_PIC = NO;
				GCC_ENABLE_OBJC_EXCEPTIONS = YES;
				GCC_OPTIMIZATION_LEVEL = 0;
				GCC_PREPROCESSOR_DEFINITIONS = (
					"DEBUG=1",
					"$(inherited)",
				);
				GCC_SYMBOLS_PRIVATE_EXTERN = NO;
				GCC_WARN_64_TO_32_BIT_CONVERSION = YES;
				GCC_WARN_ABOUT_RETURN_TYPE = YES;
				GCC_WARN_UNINITIALIZED_AUTOS = YES;
				GCC_WARN_UNUSED_VARIABLE = YES;
				MACOSX_DEPLOYMENT_TARGET = 10.8;
				ONLY_ACTIVE_ARCH = YES;
				SDKROOT = macosx;
			};
			name = Debug;
		};
		2874F0B815CE7BF80067255C /* Release */ = {
			isa = XCBuildConfiguration;
			buildSettings = {
				ALWAYS_SEARCH_USER_PATHS = NO;
				ARCHS = "$(ARCHS_STANDARD_64_BIT)";
				CLANG_CXX_LANGUAGE_STANDARD = "gnu++0x";
				CLANG_WARN__DUPLICATE_METHOD_MATCH = YES;
				COPY_PHASE_STRIP = YES;
				DEBUG_INFORMATION_FORMAT = "dwarf-with-dsym";
				GCC_C_LANGUAGE_STANDARD = gnu99;
				GCC_ENABLE_OBJC_EXCEPTIONS = YES;
				GCC_WARN_64_TO_32_BIT_CONVERSION = YES;
				GCC_WARN_ABOUT_RETURN_TYPE = YES;
				GCC_WARN_UNINITIALIZED_AUTOS = YES;
				GCC_WARN_UNUSED_VARIABLE = YES;
				MACOSX_DEPLOYMENT_TARGET = 10.8;
				SDKROOT = macosx;
			};
			name = Release;
		};
		2874F0BA15CE7BF80067255C /* Debug */ = {
			isa = XCBuildConfiguration;
			buildSettings = {
				GCC_PRECOMPILE_PREFIX_HEADER = YES;
				GCC_PREFIX_HEADER = "Exercise12All/Exercise12All-Prefix.pch";
				PRODUCT_NAME = "$(TARGET_NAME)";
			};
			name = Debug;
		};
		2874F0BB15CE7BF80067255C /* Release */ = {
			isa = XCBuildConfiguration;
			buildSettings = {
				GCC_PRECOMPILE_PREFIX_HEADER = YES;
				GCC_PREFIX_HEADER = "Exercise12All/Exercise12All-Prefix.pch";
				PRODUCT_NAME = "$(TARGET_NAME)";
			};
			name = Release;
		};
/* End XCBuildConfiguration section */

/* Begin XCConfigurationList section */
		2874F0A415CE7BF80067255C /* Build configuration list for PBXProject "Exercise12All" */ = {
			isa = XCConfigurationList;
			buildConfigurations = (
				2874F0B715CE7BF80067255C /* Debug */,
				2874F0B815CE7BF80067255C /* Release */,
			);
			defaultConfigurationIsVisible = 0;
			defaultConfigurationName = Release;
		};
		2874F0B915CE7BF80067255C /* Build configuration list for PBXNativeTarget "Exercise12All" */ = {
			isa = XCConfigurationList;
			buildConfigurations = (
				2874F0BA15CE7BF80067255C /* Debug */,
				2874F0BB15CE7BF80067255C /* Release */,
			);
			defaultConfigurationIsVisible = 0;
			defaultConfigurationName = Release;
		};
/* End XCConfigurationList section */
	};
	rootObject = 2874F0A115CE7BF80067255C /* Project object */;
}
